
Microsoft Visual Studio Solution File, Format Version 12.00
# Visual Studio Version 17
VisualStudioVersion = 17.3.32825.248
MinimumVisualStudioVersion = 10.0.40219.1
Project("{FAE04EC0-301F-11D3-BF4B-00C04F79EFBC}") = "Morpion", "Morpion\Morpion.csproj", "{353C2B9B-528F-43AC-9411-D05465B4DD84}"
EndProject
Global
	GlobalSection(SolutionConfigurationPlatforms) = preSolution
		Debug|Any CPU = Debug|Any CPU
		Release|Any CPU = Release|Any CPU
	EndGlobalSection
	GlobalSection(ProjectConfigurationPlatforms) = postSolution
		{353C2B9B-528F-43AC-9411-D05465B4DD84}.Debug|Any CPU.ActiveCfg = Debug|Any CPU
		{353C2B9B-528F-43AC-9411-D05465B4DD84}.Debug|Any CPU.Build.0 = Debug|Any CPU
		{353C2B9B-528F-43AC-9411-D05465B4DD84}.Release|Any CPU.ActiveCfg = Release|Any CPU
		{353C2B9B-528F-43AC-9411-D05465B4DD84}.Release|Any CPU.Build.0 = Release|Any CPU
	EndGlobalSection
	GlobalSection(SolutionProperties) = preSolution
		HideSolutionNode = FALSE
	EndGlobalSection
	GlobalSection(ExtensibilityGlobals) = postSolution
		SolutionGuid = {3B37FBF2-BE27-4647-970B-81D5791B2284}
	EndGlobalSection
EndGlobal
